// !$*UTF8*$!
{
	archiveVersion = 1;
	classes = {
	};
	objectVersion = 46;
	objects = {

/* Begin PBXBuildFile section */
		665FBFF61715B8D200B73535 /* nen1.jpeg in Resources */ = {isa = PBXBuildFile; fileRef = 665FBFF41715B8D200B73535 /* nen1.jpeg */; };
		665FBFF71715B8D200B73535 /* nen2.jpg in Resources */ = {isa = PBXBuildFile; fileRef = 665FBFF51715B8D200B73535 /* nen2.jpg */; };
		665FBFF91715B98B00B73535 /* nen3.jpg in Resources */ = {isa = PBXBuildFile; fileRef = 665FBFF81715B98B00B73535 /* nen3.jpg */; };
		668A528C1715AB4E0057B137 /* UIKit.framework in Frameworks */ = {isa = PBXBuildFile; fileRef = 668A528B1715AB4E0057B137 /* UIKit.framework */; };
		668A528E1715AB4E0057B137 /* Foundation.framework in Frameworks */ = {isa = PBXBuildFile; fileRef = 668A528D1715AB4E0057B137 /* Foundation.framework */; };
		668A52901715AB4E0057B137 /* CoreGraphics.framework in Frameworks */ = {isa = PBXBuildFile; fileRef = 668A528F1715AB4E0057B137 /* CoreGraphics.framework */; };
		668A52961715AB4E0057B137 /* InfoPlist.strings in Resources */ = {isa = PBXBuildFile; fileRef = 668A52941715AB4E0057B137 /* InfoPlist.strings */; };
		668A52981715AB4E0057B137 /* main.m in Sources */ = {isa = PBXBuildFile; fileRef = 668A52971715AB4E0057B137 /* main.m */; };
		668A529C1715AB4E0057B137 /* AppDelegate.m in Sources */ = {isa = PBXBuildFile; fileRef = 668A529B1715AB4E0057B137 /* AppDelegate.m */; };
		668A529E1715AB4E0057B137 /* Default.png in Resources */ = {isa = PBXBuildFile; fileRef = 668A529D1715AB4E0057B137 /* Default.png */; };
		668A52A01715AB4E0057B137 /* Default@2x.png in Resources */ = {isa = PBXBuildFile; fileRef = 668A529F1715AB4E0057B137 /* Default@2x.png */; };
		668A52A21715AB4E0057B137 /* Default-568h@2x.png in Resources */ = {isa = PBXBuildFile; fileRef = 668A52A11715AB4E0057B137 /* Default-568h@2x.png */; };
		668A52AA1715AB4E0057B137 /* SenTestingKit.framework in Frameworks */ = {isa = PBXBuildFile; fileRef = 668A52A91715AB4E0057B137 /* SenTestingKit.framework */; };
		668A52AB1715AB4E0057B137 /* UIKit.framework in Frameworks */ = {isa = PBXBuildFile; fileRef = 668A528B1715AB4E0057B137 /* UIKit.framework */; };
		668A52AC1715AB4E0057B137 /* Foundation.framework in Frameworks */ = {isa = PBXBuildFile; fileRef = 668A528D1715AB4E0057B137 /* Foundation.framework */; };
		668A52B41715AB4E0057B137 /* InfoPlist.strings in Resources */ = {isa = PBXBuildFile; fileRef = 668A52B21715AB4E0057B137 /* InfoPlist.strings */; };
		668A52B71715AB4E0057B137 /* DemoMemoryCardTests.m in Sources */ = {isa = PBXBuildFile; fileRef = 668A52B61715AB4E0057B137 /* DemoMemoryCardTests.m */; };
		668A52C81715ABA70057B137 /* LevelController.m in Sources */ = {isa = PBXBuildFile; fileRef = 668A52C61715ABA70057B137 /* LevelController.m */; };
		668A52C91715ABA70057B137 /* LevelController.xib in Resources */ = {isa = PBXBuildFile; fileRef = 668A52C71715ABA70057B137 /* LevelController.xib */; };
		668A52CD1715ABBA0057B137 /* PlayGameController.m in Sources */ = {isa = PBXBuildFile; fileRef = 668A52CB1715ABBA0057B137 /* PlayGameController.m */; };
		668A52CE1715ABBA0057B137 /* PlayGameController.xib in Resources */ = {isa = PBXBuildFile; fileRef = 668A52CC1715ABBA0057B137 /* PlayGameController.xib */; };
		668A52D61715ABEE0057B137 /* MainController.m in Sources */ = {isa = PBXBuildFile; fileRef = 668A52D41715ABEE0057B137 /* MainController.m */; };
		668A52D71715ABEE0057B137 /* MainController.xib in Resources */ = {isa = PBXBuildFile; fileRef = 668A52D51715ABEE0057B137 /* MainController.xib */; };
		668A52DA1715AE610057B137 /* Grid.m in Sources */ = {isa = PBXBuildFile; fileRef = 668A52D91715AE610057B137 /* Grid.m */; };
		668A52DD1715AE8A0057B137 /* GameLevel.m in Sources */ = {isa = PBXBuildFile; fileRef = 668A52DC1715AE8A0057B137 /* GameLevel.m */; };
		668A52E01715AEB80057B137 /* GameManager.m in Sources */ = {isa = PBXBuildFile; fileRef = 668A52DF1715AEB70057B137 /* GameManager.m */; };
		668A52E51715B5AB0057B137 /* 01.ico in Resources */ = {isa = PBXBuildFile; fileRef = 668A52E11715B5AB0057B137 /* 01.ico */; };
		668A52E61715B5AB0057B137 /* 02.ico in Resources */ = {isa = PBXBuildFile; fileRef = 668A52E21715B5AB0057B137 /* 02.ico */; };
		668A52E71715B5AB0057B137 /* 03.ico in Resources */ = {isa = PBXBuildFile; fileRef = 668A52E31715B5AB0057B137 /* 03.ico */; };
		668A52E81715B5AB0057B137 /* 04.ico in Resources */ = {isa = PBXBuildFile; fileRef = 668A52E41715B5AB0057B137 /* 04.ico */; };
		668A52EE1715B5F80057B137 /* 02.png in Resources */ = {isa = PBXBuildFile; fileRef = 668A52ED1715B5F80057B137 /* 02.png */; };
		668B2AEF1716739000FBA2C0 /* nen4.jpg in Resources */ = {isa = PBXBuildFile; fileRef = 668B2AEE1716739000FBA2C0 /* nen4.jpg */; };
		669C02D41716A88B00B99599 /* empty trash.aif in Resources */ = {isa = PBXBuildFile; fileRef = 669C02D31716A88A00B99599 /* empty trash.aif */; };
		669C02D61716AA2600B99599 /* c1.mp3 in Resources */ = {isa = PBXBuildFile; fileRef = 669C02D51716AA2600B99599 /* c1.mp3 */; };
		669C04061716B8D800B99599 /* logo1.png in Resources */ = {isa = PBXBuildFile; fileRef = 669C03FE1716B8D800B99599 /* logo1.png */; };
		669C04071716B8D800B99599 /* logo2.png in Resources */ = {isa = PBXBuildFile; fileRef = 669C03FF1716B8D800B99599 /* logo2.png */; };
		669C04081716B8D800B99599 /* logo3.png in Resources */ = {isa = PBXBuildFile; fileRef = 669C04001716B8D800B99599 /* logo3.png */; };
		669C04091716B8D800B99599 /* logo4.png in Resources */ = {isa = PBXBuildFile; fileRef = 669C04011716B8D800B99599 /* logo4.png */; };
		669C040A1716B8D800B99599 /* logo5.png in Resources */ = {isa = PBXBuildFile; fileRef = 669C04021716B8D800B99599 /* logo5.png */; };
		669C040B1716B8D800B99599 /* logo6.png in Resources */ = {isa = PBXBuildFile; fileRef = 669C04031716B8D800B99599 /* logo6.png */; };
		669C040C1716B8D800B99599 /* logo7.png in Resources */ = {isa = PBXBuildFile; fileRef = 669C04041716B8D800B99599 /* logo7.png */; };
		669C040D1716B8D800B99599 /* logo8.png in Resources */ = {isa = PBXBuildFile; fileRef = 669C04051716B8D800B99599 /* logo8.png */; };
		669C04101716BF5E00B99599 /* math6.ico in Resources */ = {isa = PBXBuildFile; fileRef = 669C040E1716BF5E00B99599 /* math6.ico */; };
		669C04111716BF5E00B99599 /* math23.ico in Resources */ = {isa = PBXBuildFile; fileRef = 669C040F1716BF5E00B99599 /* math23.ico */; };
/* End PBXBuildFile section */

/* Begin PBXContainerItemProxy section */
		668A52AD1715AB4E0057B137 /* PBXContainerItemProxy */ = {
			isa = PBXContainerItemProxy;
			containerPortal = 668A52801715AB4E0057B137 /* Project object */;
			proxyType = 1;
			remoteGlobalIDString = 668A52871715AB4E0057B137;
			remoteInfo = DemoMemoryCard;
		};
/* End PBXContainerItemProxy section */

/* Begin PBXFileReference section */
		665FBFF41715B8D200B73535 /* nen1.jpeg */ = {isa = PBXFileReference; lastKnownFileType = image.jpeg; path = nen1.jpeg; sourceTree = "<group>"; };
		665FBFF51715B8D200B73535 /* nen2.jpg */ = {isa = PBXFileReference; lastKnownFileType = image.jpeg; path = nen2.jpg; sourceTree = "<group>"; };
		665FBFF81715B98B00B73535 /* nen3.jpg */ = {isa = PBXFileReference; lastKnownFileType = image.jpeg; path = nen3.jpg; sourceTree = "<group>"; };
		668A52881715AB4E0057B137 /* DemoMemoryCard.app */ = {isa = PBXFileReference; explicitFileType = wrapper.application; includeInIndex = 0; path = DemoMemoryCard.app; sourceTree = BUILT_PRODUCTS_DIR; };
		668A528B1715AB4E0057B137 /* UIKit.framework */ = {isa = PBXFileReference; lastKnownFileType = wrapper.framework; name = UIKit.framework; path = System/Library/Frameworks/UIKit.framework; sourceTree = SDKROOT; };
		668A528D1715AB4E0057B137 /* Foundation.framework */ = {isa = PBXFileReference; lastKnownFileType = wrapper.framework; name = Foundation.framework; path = System/Library/Frameworks/Foundation.framework; sourceTree = SDKROOT; };
		668A528F1715AB4E0057B137 /* CoreGraphics.framework */ = {isa = PBXFileReference; lastKnownFileType = wrapper.framework; name = CoreGraphics.framework; path = System/Library/Frameworks/CoreGraphics.framework; sourceTree = SDKROOT; };
		668A52931715AB4E0057B137 /* DemoMemoryCard-Info.plist */ = {isa = PBXFileReference; lastKnownFileType = text.plist.xml; path = "DemoMemoryCard-Info.plist"; sourceTree = "<group>"; };
		668A52951715AB4E0057B137 /* en */ = {isa = PBXFileReference; lastKnownFileType = text.plist.strings; name = en; path = en.lproj/InfoPlist.strings; sourceTree = "<group>"; };
		668A52971715AB4E0057B137 /* main.m */ = {isa = PBXFileReference; lastKnownFileType = sourcecode.c.objc; path = main.m; sourceTree = "<group>"; };
		668A52991715AB4E0057B137 /* DemoMemoryCard-Prefix.pch */ = {isa = PBXFileReference; lastKnownFileType = sourcecode.c.h; path = "DemoMemoryCard-Prefix.pch"; sourceTree = "<group>"; };
		668A529A1715AB4E0057B137 /* AppDelegate.h */ = {isa = PBXFileReference; lastKnownFileType = sourcecode.c.h; path = AppDelegate.h; sourceTree = "<group>"; };
		668A529B1715AB4E0057B137 /* AppDelegate.m */ = {isa = PBXFileReference; lastKnownFileType = sourcecode.c.objc; path = AppDelegate.m; sourceTree = "<group>"; };
		668A529D1715AB4E0057B137 /* Default.png */ = {isa = PBXFileReference; lastKnownFileType = image.png; path = Default.png; sourceTree = "<group>"; };
		668A529F1715AB4E0057B137 /* Default@2x.png */ = {isa = PBXFileReference; lastKnownFileType = image.png; path = "Default@2x.png"; sourceTree = "<group>"; };
		668A52A11715AB4E0057B137 /* Default-568h@2x.png */ = {isa = PBXFileReference; lastKnownFileType = image.png; path = "Default-568h@2x.png"; sourceTree = "<group>"; };
		668A52A81715AB4E0057B137 /* DemoMemoryCardTests.octest */ = {isa = PBXFileReference; explicitFileType = wrapper.cfbundle; includeInIndex = 0; path = DemoMemoryCardTests.octest; sourceTree = BUILT_PRODUCTS_DIR; };
		668A52A91715AB4E0057B137 /* SenTestingKit.framework */ = {isa = PBXFileReference; lastKnownFileType = wrapper.framework; name = SenTestingKit.framework; path = Library/Frameworks/SenTestingKit.framework; sourceTree = DEVELOPER_DIR; };
		668A52B11715AB4E0057B137 /* DemoMemoryCardTests-Info.plist */ = {isa = PBXFileReference; lastKnownFileType = text.plist.xml; path = "DemoMemoryCardTests-Info.plist"; sourceTree = "<group>"; };
		668A52B31715AB4E0057B137 /* en */ = {isa = PBXFileReference; lastKnownFileType = text.plist.strings; name = en; path = en.lproj/InfoPlist.strings; sourceTree = "<group>"; };
		668A52B51715AB4E0057B137 /* DemoMemoryCardTests.h */ = {isa = PBXFileReference; lastKnownFileType = sourcecode.c.h; path = DemoMemoryCardTests.h; sourceTree = "<group>"; };
		668A52B61715AB4E0057B137 /* DemoMemoryCardTests.m */ = {isa = PBXFileReference; lastKnownFileType = sourcecode.c.objc; path = DemoMemoryCardTests.m; sourceTree = "<group>"; };
		668A52C51715ABA70057B137 /* LevelController.h */ = {isa = PBXFileReference; fileEncoding = 4; lastKnownFileType = sourcecode.c.h; path = LevelController.h; sourceTree = "<group>"; };
		668A52C61715ABA70057B137 /* LevelController.m */ = {isa = PBXFileReference; fileEncoding = 4; lastKnownFileType = sourcecode.c.objc; path = LevelController.m; sourceTree = "<group>"; };
		668A52C71715ABA70057B137 /* LevelController.xib */ = {isa = PBXFileReference; fileEncoding = 4; lastKnownFileType = file.xib; path = LevelController.xib; sourceTree = "<group>"; };
		668A52CA1715ABBA0057B137 /* PlayGameController.h */ = {isa = PBXFileReference; fileEncoding = 4; lastKnownFileType = sourcecode.c.h; path = PlayGameController.h; sourceTree = "<group>"; };
		668A52CB1715ABBA0057B137 /* PlayGameController.m */ = {isa = PBXFileReference; fileEncoding = 4; lastKnownFileType = sourcecode.c.objc; path = PlayGameController.m; sourceTree = "<group>"; };
		668A52CC1715ABBA0057B137 /* PlayGameController.xib */ = {isa = PBXFileReference; fileEncoding = 4; lastKnownFileType = file.xib; path = PlayGameController.xib; sourceTree = "<group>"; };
		668A52D31715ABEE0057B137 /* MainController.h */ = {isa = PBXFileReference; fileEncoding = 4; lastKnownFileType = sourcecode.c.h; path = MainController.h; sourceTree = "<group>"; };
		668A52D41715ABEE0057B137 /* MainController.m */ = {isa = PBXFileReference; fileEncoding = 4; lastKnownFileType = sourcecode.c.objc; path = MainController.m; sourceTree = "<group>"; };
		668A52D51715ABEE0057B137 /* MainController.xib */ = {isa = PBXFileReference; fileEncoding = 4; lastKnownFileType = file.xib; path = MainController.xib; sourceTree = "<group>"; };
		668A52D81715AE610057B137 /* Grid.h */ = {isa = PBXFileReference; fileEncoding = 4; lastKnownFileType = sourcecode.c.h; path = Grid.h; sourceTree = "<group>"; };
		668A52D91715AE610057B137 /* Grid.m */ = {isa = PBXFileReference; fileEncoding = 4; lastKnownFileType = sourcecode.c.objc; path = Grid.m; sourceTree = "<group>"; };
		668A52DB1715AE8A0057B137 /* GameLevel.h */ = {isa = PBXFileReference; fileEncoding = 4; lastKnownFileType = sourcecode.c.h; path = GameLevel.h; sourceTree = "<group>"; };
		668A52DC1715AE8A0057B137 /* GameLevel.m */ = {isa = PBXFileReference; fileEncoding = 4; lastKnownFileType = sourcecode.c.objc; path = GameLevel.m; sourceTree = "<group>"; };
		668A52DE1715AEB70057B137 /* GameManager.h */ = {isa = PBXFileReference; fileEncoding = 4; lastKnownFileType = sourcecode.c.h; path = GameManager.h; sourceTree = "<group>"; };
		668A52DF1715AEB70057B137 /* GameManager.m */ = {isa = PBXFileReference; fileEncoding = 4; lastKnownFileType = sourcecode.c.objc; path = GameManager.m; sourceTree = "<group>"; };
		668A52E11715B5AB0057B137 /* 01.ico */ = {isa = PBXFileReference; lastKnownFileType = image.ico; path = 01.ico; sourceTree = "<group>"; };
		668A52E21715B5AB0057B137 /* 02.ico */ = {isa = PBXFileReference; lastKnownFileType = image.ico; path = 02.ico; sourceTree = "<group>"; };
		668A52E31715B5AB0057B137 /* 03.ico */ = {isa = PBXFileReference; lastKnownFileType = image.ico; path = 03.ico; sourceTree = "<group>"; };
		668A52E41715B5AB0057B137 /* 04.ico */ = {isa = PBXFileReference; lastKnownFileType = image.ico; path = 04.ico; sourceTree = "<group>"; };
		668A52ED1715B5F80057B137 /* 02.png */ = {isa = PBXFileReference; lastKnownFileType = image.png; path = 02.png; sourceTree = "<group>"; };
		668B2AEE1716739000FBA2C0 /* nen4.jpg */ = {isa = PBXFileReference; lastKnownFileType = image.jpeg; path = nen4.jpg; sourceTree = "<group>"; };
		669C02D31716A88A00B99599 /* empty trash.aif */ = {isa = PBXFileReference; lastKnownFileType = file; path = "empty trash.aif"; sourceTree = "<group>"; };
		669C02D51716AA2600B99599 /* c1.mp3 */ = {isa = PBXFileReference; lastKnownFileType = audio.mp3; path = c1.mp3; sourceTree = "<group>"; };
		669C03FE1716B8D800B99599 /* logo1.png */ = {isa = PBXFileReference; lastKnownFileType = image.png; path = logo1.png; sourceTree = "<group>"; };
		669C03FF1716B8D800B99599 /* logo2.png */ = {isa = PBXFileReference; lastKnownFileType = image.png; path = logo2.png; sourceTree = "<group>"; };
		669C04001716B8D800B99599 /* logo3.png */ = {isa = PBXFileReference; lastKnownFileType = image.png; path = logo3.png; sourceTree = "<group>"; };
		669C04011716B8D800B99599 /* logo4.png */ = {isa = PBXFileReference; lastKnownFileType = image.png; path = logo4.png; sourceTree = "<group>"; };
		669C04021716B8D800B99599 /* logo5.png */ = {isa = PBXFileReference; lastKnownFileType = image.png; path = logo5.png; sourceTree = "<group>"; };
		669C04031716B8D800B99599 /* logo6.png */ = {isa = PBXFileReference; lastKnownFileType = image.png; path = logo6.png; sourceTree = "<group>"; };
		669C04041716B8D800B99599 /* logo7.png */ = {isa = PBXFileReference; lastKnownFileType = image.png; path = logo7.png; sourceTree = "<group>"; };
		669C04051716B8D800B99599 /* logo8.png */ = {isa = PBXFileReference; lastKnownFileType = image.png; path = logo8.png; sourceTree = "<group>"; };
		669C040E1716BF5E00B99599 /* math6.ico */ = {isa = PBXFileReference; lastKnownFileType = image.ico; path = math6.ico; sourceTree = "<group>"; };
		669C040F1716BF5E00B99599 /* math23.ico */ = {isa = PBXFileReference; lastKnownFileType = image.ico; path = math23.ico; sourceTree = "<group>"; };
/* End PBXFileReference section */

/* Begin PBXFrameworksBuildPhase section */
		668A52851715AB4E0057B137 /* Frameworks */ = {
			isa = PBXFrameworksBuildPhase;
			buildActionMask = 2147483647;
			files = (
				668A528C1715AB4E0057B137 /* UIKit.framework in Frameworks */,
				668A528E1715AB4E0057B137 /* Foundation.framework in Frameworks */,
				668A52901715AB4E0057B137 /* CoreGraphics.framework in Frameworks */,
			);
			runOnlyForDeploymentPostprocessing = 0;
		};
		668A52A41715AB4E0057B137 /* Frameworks */ = {
			isa = PBXFrameworksBuildPhase;
			buildActionMask = 2147483647;
			files = (
				668A52AA1715AB4E0057B137 /* SenTestingKit.framework in Frameworks */,
				668A52AB1715AB4E0057B137 /* UIKit.framework in Frameworks */,
				668A52AC1715AB4E0057B137 /* Foundation.framework in Frameworks */,
			);
			runOnlyForDeploymentPostprocessing = 0;
		};
/* End PBXFrameworksBuildPhase section */

/* Begin PBXGroup section */
		665FBFFC1715D17800B73535 /* logo */ = {
			isa = PBXGroup;
			children = (
				669C03FE1716B8D800B99599 /* logo1.png */,
				669C03FF1716B8D800B99599 /* logo2.png */,
				669C04001716B8D800B99599 /* logo3.png */,
				669C04011716B8D800B99599 /* logo4.png */,
				669C04021716B8D800B99599 /* logo5.png */,
				669C04031716B8D800B99599 /* logo6.png */,
				669C04041716B8D800B99599 /* logo7.png */,
				669C04051716B8D800B99599 /* logo8.png */,
			);
			name = logo;
			sourceTree = "<group>";
		};
		668A527F1715AB4E0057B137 = {
			isa = PBXGroup;
			children = (
				668A52911715AB4E0057B137 /* DemoMemoryCard */,
				668A52AF1715AB4E0057B137 /* DemoMemoryCardTests */,
				668A528A1715AB4E0057B137 /* Frameworks */,
				668A52891715AB4E0057B137 /* Products */,
			);
			sourceTree = "<group>";
		};
		668A52891715AB4E0057B137 /* Products */ = {
			isa = PBXGroup;
			children = (
				668A52881715AB4E0057B137 /* DemoMemoryCard.app */,
				668A52A81715AB4E0057B137 /* DemoMemoryCardTests.octest */,
			);
			name = Products;
			sourceTree = "<group>";
		};
		668A528A1715AB4E0057B137 /* Frameworks */ = {
			isa = PBXGroup;
			children = (
				668A528B1715AB4E0057B137 /* UIKit.framework */,
				668A528D1715AB4E0057B137 /* Foundation.framework */,
				668A528F1715AB4E0057B137 /* CoreGraphics.framework */,
				668A52A91715AB4E0057B137 /* SenTestingKit.framework */,
			);
			name = Frameworks;
			sourceTree = "<group>";
		};
		668A52911715AB4E0057B137 /* DemoMemoryCard */ = {
			isa = PBXGroup;
			children = (
				668A529A1715AB4E0057B137 /* AppDelegate.h */,
				668A529B1715AB4E0057B137 /* AppDelegate.m */,
				668A52D31715ABEE0057B137 /* MainController.h */,
				668A52D41715ABEE0057B137 /* MainController.m */,
				668A52D51715ABEE0057B137 /* MainController.xib */,
				668A52C51715ABA70057B137 /* LevelController.h */,
				668A52C61715ABA70057B137 /* LevelController.m */,
				668A52C71715ABA70057B137 /* LevelController.xib */,
				668A52CA1715ABBA0057B137 /* PlayGameController.h */,
				668A52CB1715ABBA0057B137 /* PlayGameController.m */,
				668A52CC1715ABBA0057B137 /* PlayGameController.xib */,
				668A52D81715AE610057B137 /* Grid.h */,
				668A52D91715AE610057B137 /* Grid.m */,
				668A52DB1715AE8A0057B137 /* GameLevel.h */,
				668A52DC1715AE8A0057B137 /* GameLevel.m */,
				668A52DE1715AEB70057B137 /* GameManager.h */,
				668A52DF1715AEB70057B137 /* GameManager.m */,
				668A52921715AB4E0057B137 /* Supporting Files */,
			);
			path = DemoMemoryCard;
			sourceTree = "<group>";
		};
		668A52921715AB4E0057B137 /* Supporting Files */ = {
			isa = PBXGroup;
			children = (
				669C040E1716BF5E00B99599 /* math6.ico */,
				669C040F1716BF5E00B99599 /* math23.ico */,
				669C02D51716AA2600B99599 /* c1.mp3 */,
				669C02D31716A88A00B99599 /* empty trash.aif */,
				668B2AEE1716739000FBA2C0 /* nen4.jpg */,
				665FBFFC1715D17800B73535 /* logo */,
				665FBFF81715B98B00B73535 /* nen3.jpg */,
				665FBFF41715B8D200B73535 /* nen1.jpeg */,
				665FBFF51715B8D200B73535 /* nen2.jpg */,
				668A52ED1715B5F80057B137 /* 02.png */,
				668A52E11715B5AB0057B137 /* 01.ico */,
				668A52E21715B5AB0057B137 /* 02.ico */,
				668A52E31715B5AB0057B137 /* 03.ico */,
				668A52E41715B5AB0057B137 /* 04.ico */,
				668A52931715AB4E0057B137 /* DemoMemoryCard-Info.plist */,
				668A52941715AB4E0057B137 /* InfoPlist.strings */,
				668A52971715AB4E0057B137 /* main.m */,
				668A52991715AB4E0057B137 /* DemoMemoryCard-Prefix.pch */,
				668A529D1715AB4E0057B137 /* Default.png */,
				668A529F1715AB4E0057B137 /* Default@2x.png */,
				668A52A11715AB4E0057B137 /* Default-568h@2x.png */,
			);
			name = "Supporting Files";
			sourceTree = "<group>";
		};
		668A52AF1715AB4E0057B137 /* DemoMemoryCardTests */ = {
			isa = PBXGroup;
			children = (
				668A52B51715AB4E0057B137 /* DemoMemoryCardTests.h */,
				668A52B61715AB4E0057B137 /* DemoMemoryCardTests.m */,
				668A52B01715AB4E0057B137 /* Supporting Files */,
			);
			path = DemoMemoryCardTests;
			sourceTree = "<group>";
		};
		668A52B01715AB4E0057B137 /* Supporting Files */ = {
			isa = PBXGroup;
			children = (
				668A52B11715AB4E0057B137 /* DemoMemoryCardTests-Info.plist */,
				668A52B21715AB4E0057B137 /* InfoPlist.strings */,
			);
			name = "Supporting Files";
			sourceTree = "<group>";
		};
/* End PBXGroup section */

/* Begin PBXNativeTarget section */
		668A52871715AB4E0057B137 /* DemoMemoryCard */ = {
			isa = PBXNativeTarget;
			buildConfigurationList = 668A52BA1715AB4E0057B137 /* Build configuration list for PBXNativeTarget "DemoMemoryCard" */;
			buildPhases = (
				668A52841715AB4E0057B137 /* Sources */,
				668A52851715AB4E0057B137 /* Frameworks */,
				668A52861715AB4E0057B137 /* Resources */,
			);
			buildRules = (
			);
			dependencies = (
			);
			name = DemoMemoryCard;
			productName = DemoMemoryCard;
			productReference = 668A52881715AB4E0057B137 /* DemoMemoryCard.app */;
			productType = "com.apple.product-type.application";
		};
		668A52A71715AB4E0057B137 /* DemoMemoryCardTests */ = {
			isa = PBXNativeTarget;
			buildConfigurationList = 668A52BD1715AB4E0057B137 /* Build configuration list for PBXNativeTarget "DemoMemoryCardTests" */;
			buildPhases = (
				668A52A31715AB4E0057B137 /* Sources */,
				668A52A41715AB4E0057B137 /* Frameworks */,
				668A52A51715AB4E0057B137 /* Resources */,
				668A52A61715AB4E0057B137 /* ShellScript */,
			);
			buildRules = (
			);
			dependencies = (
				668A52AE1715AB4E0057B137 /* PBXTargetDependency */,
			);
			name = DemoMemoryCardTests;
			productName = DemoMemoryCardTests;
			productReference = 668A52A81715AB4E0057B137 /* DemoMemoryCardTests.octest */;
			productType = "com.apple.product-type.bundle";
		};
/* End PBXNativeTarget section */

/* Begin PBXProject section */
		668A52801715AB4E0057B137 /* Project object */ = {
			isa = PBXProject;
			attributes = {
				LastUpgradeCheck = 0460;
				ORGANIZATIONNAME = MAC;
			};
			buildConfigurationList = 668A52831715AB4E0057B137 /* Build configuration list for PBXProject "DemoMemoryCard" */;
			compatibilityVersion = "Xcode 3.2";
			developmentRegion = English;
			hasScannedForEncodings = 0;
			knownRegions = (
				en,
			);
			mainGroup = 668A527F1715AB4E0057B137;
			productRefGroup = 668A52891715AB4E0057B137 /* Products */;
			projectDirPath = "";
			projectRoot = "";
			targets = (
				668A52871715AB4E0057B137 /* DemoMemoryCard */,
				668A52A71715AB4E0057B137 /* DemoMemoryCardTests */,
			);
		};
/* End PBXProject section */

/* Begin PBXResourcesBuildPhase section */
		668A52861715AB4E0057B137 /* Resources */ = {
			isa = PBXResourcesBuildPhase;
			buildActionMask = 2147483647;
			files = (
				668A52961715AB4E0057B137 /* InfoPlist.strings in Resources */,
				668A529E1715AB4E0057B137 /* Default.png in Resources */,
				668A52A01715AB4E0057B137 /* Default@2x.png in Resources */,
				668A52A21715AB4E0057B137 /* Default-568h@2x.png in Resources */,
				668A52C91715ABA70057B137 /* LevelController.xib in Resources */,
				668A52CE1715ABBA0057B137 /* PlayGameController.xib in Resources */,
				668A52D71715ABEE0057B137 /* MainController.xib in Resources */,
				668A52E51715B5AB0057B137 /* 01.ico in Resources */,
				668A52E61715B5AB0057B137 /* 02.ico in Resources */,
				668A52E71715B5AB0057B137 /* 03.ico in Resources */,
				668A52E81715B5AB0057B137 /* 04.ico in Resources */,
				668A52EE1715B5F80057B137 /* 02.png in Resources */,
				665FBFF61715B8D200B73535 /* nen1.jpeg in Resources */,
				665FBFF71715B8D200B73535 /* nen2.jpg in Resources */,
				665FBFF91715B98B00B73535 /* nen3.jpg in Resources */,
				668B2AEF1716739000FBA2C0 /* nen4.jpg in Resources */,
				669C02D41716A88B00B99599 /* empty trash.aif in Resources */,
				669C02D61716AA2600B99599 /* c1.mp3 in Resources */,
				669C04061716B8D800B99599 /* logo1.png in Resources */,
				669C04071716B8D800B99599 /* logo2.png in Resources */,
				669C04081716B8D800B99599 /* logo3.png in Resources */,
				669C04091716B8D800B99599 /* logo4.png in Resources */,
				669C040A1716B8D800B99599 /* logo5.png in Resources */,
				669C040B1716B8D800B99599 /* logo6.png in Resources */,
				669C040C1716B8D800B99599 /* logo7.png in Resources */,
				669C040D1716B8D800B99599 /* logo8.png in Resources */,
				669C04101716BF5E00B99599 /* math6.ico in Resources */,
				669C04111716BF5E00B99599 /* math23.ico in Resources */,
			);
			runOnlyForDeploymentPostprocessing = 0;
		};
		668A52A51715AB4E0057B137 /* Resources */ = {
			isa = PBXResourcesBuildPhase;
			buildActionMask = 2147483647;
			files = (
				668A52B41715AB4E0057B137 /* InfoPlist.strings in Resources */,
			);
			runOnlyForDeploymentPostprocessing = 0;
		};
/* End PBXResourcesBuildPhase section */

/* Begin PBXShellScriptBuildPhase section */
		668A52A61715AB4E0057B137 /* ShellScript */ = {
			isa = PBXShellScriptBuildPhase;
			buildActionMask = 2147483647;
			files = (
			);
			inputPaths = (
			);
			outputPaths = (
			);
			runOnlyForDeploymentPostprocessing = 0;
			shellPath = /bin/sh;
			shellScript = "# Run the unit tests in this test bundle.\n\"${SYSTEM_DEVELOPER_DIR}/Tools/RunUnitTests\"\n";
		};
/* End PBXShellScriptBuildPhase section */

/* Begin PBXSourcesBuildPhase section */
		668A52841715AB4E0057B137 /* Sources */ = {
			isa = PBXSourcesBuildPhase;
			buildActionMask = 2147483647;
			files = (
				668A52981715AB4E0057B137 /* main.m in Sources */,
				668A529C1715AB4E0057B137 /* AppDelegate.m in Sources */,
				668A52C81715ABA70057B137 /* LevelController.m in Sources */,
				668A52CD1715ABBA0057B137 /* PlayGameController.m in Sources */,
				668A52D61715ABEE0057B137 /* MainController.m in Sources */,
				668A52DA1715AE610057B137 /* Grid.m in Sources */,
				668A52DD1715AE8A0057B137 /* GameLevel.m in Sources */,
				668A52E01715AEB80057B137 /* GameManager.m in Sources */,
			);
			runOnlyForDeploymentPostprocessing = 0;
		};
		668A52A31715AB4E0057B137 /* Sources */ = {
			isa = PBXSourcesBuildPhase;
			buildActionMask = 2147483647;
			files = (
				668A52B71715AB4E0057B137 /* DemoMemoryCardTests.m in Sources */,
			);
			runOnlyForDeploymentPostprocessing = 0;
		};
/* End PBXSourcesBuildPhase section */

/* Begin PBXTargetDependency section */
		668A52AE1715AB4E0057B137 /* PBXTargetDependency */ = {
			isa = PBXTargetDependency;
			target = 668A52871715AB4E0057B137 /* DemoMemoryCard */;
			targetProxy = 668A52AD1715AB4E0057B137 /* PBXContainerItemProxy */;
		};
/* End PBXTargetDependency section */

/* Begin PBXVariantGroup section */
		668A52941715AB4E0057B137 /* InfoPlist.strings */ = {
			isa = PBXVariantGroup;
			children = (
				668A52951715AB4E0057B137 /* en */,
			);
			name = InfoPlist.strings;
			sourceTree = "<group>";
		};
		668A52B21715AB4E0057B137 /* InfoPlist.strings */ = {
			isa = PBXVariantGroup;
			children = (
				668A52B31715AB4E0057B137 /* en */,
			);
			name = InfoPlist.strings;
			sourceTree = "<group>";
		};
/* End PBXVariantGroup section */

/* Begin XCBuildConfiguration section */
		668A52B81715AB4E0057B137 /* Debug */ = {
			isa = XCBuildConfiguration;
			buildSettings = {
				ALWAYS_SEARCH_USER_PATHS = NO;
				CLANG_CXX_LANGUAGE_STANDARD = "gnu++0x";
				CLANG_CXX_LIBRARY = "libc++";
				CLANG_ENABLE_OBJC_ARC = YES;
				CLANG_WARN_CONSTANT_CONVERSION = YES;
				CLANG_WARN_EMPTY_BODY = YES;
				CLANG_WARN_ENUM_CONVERSION = YES;
				CLANG_WARN_INT_CONVERSION = YES;
				CLANG_WARN__DUPLICATE_METHOD_MATCH = YES;
				"CODE_SIGN_IDENTITY[sdk=iphoneos*]" = "iPhone Developer";
				COPY_PHASE_STRIP = NO;
				GCC_C_LANGUAGE_STANDARD = gnu99;
				GCC_DYNAMIC_NO_PIC = NO;
				GCC_OPTIMIZATION_LEVEL = 0;
				GCC_PREPROCESSOR_DEFINITIONS = (
					"DEBUG=1",
					"$(inherited)",
				);
				GCC_SYMBOLS_PRIVATE_EXTERN = NO;
				GCC_WARN_ABOUT_RETURN_TYPE = YES;
				GCC_WARN_UNINITIALIZED_AUTOS = YES;
				GCC_WARN_UNUSED_VARIABLE = YES;
				IPHONEOS_DEPLOYMENT_TARGET = 6.1;
				ONLY_ACTIVE_ARCH = YES;
				SDKROOT = iphoneos;
			};
			name = Debug;
		};
		668A52B91715AB4E0057B137 /* Release */ = {
			isa = XCBuildConfiguration;
			buildSettings = {
				ALWAYS_SEARCH_USER_PATHS = NO;
				CLANG_CXX_LANGUAGE_STANDARD = "gnu++0x";
				CLANG_CXX_LIBRARY = "libc++";
				CLANG_ENABLE_OBJC_ARC = YES;
				CLANG_WARN_CONSTANT_CONVERSION = YES;
				CLANG_WARN_EMPTY_BODY = YES;
				CLANG_WARN_ENUM_CONVERSION = YES;
				CLANG_WARN_INT_CONVERSION = YES;
				CLANG_WARN__DUPLICATE_METHOD_MATCH = YES;
				"CODE_SIGN_IDENTITY[sdk=iphoneos*]" = "iPhone Developer";
				COPY_PHASE_STRIP = YES;
				GCC_C_LANGUAGE_STANDARD = gnu99;
				GCC_WARN_ABOUT_RETURN_TYPE = YES;
				GCC_WARN_UNINITIALIZED_AUTOS = YES;
				GCC_WARN_UNUSED_VARIABLE = YES;
				IPHONEOS_DEPLOYMENT_TARGET = 6.1;
				OTHER_CFLAGS = "-DNS_BLOCK_ASSERTIONS=1";
				SDKROOT = iphoneos;
				VALIDATE_PRODUCT = YES;
			};
			name = Release;
		};
		668A52BB1715AB4E0057B137 /* Debug */ = {
			isa = XCBuildConfiguration;
			buildSettings = {
				GCC_PRECOMPILE_PREFIX_HEADER = YES;
				GCC_PREFIX_HEADER = "DemoMemoryCard/DemoMemoryCard-Prefix.pch";
				INFOPLIST_FILE = "DemoMemoryCard/DemoMemoryCard-Info.plist";
				IPHONEOS_DEPLOYMENT_TARGET = 6.0;
				PRODUCT_NAME = "$(TARGET_NAME)";
				WRAPPER_EXTENSION = app;
			};
			name = Debug;
		};
		668A52BC1715AB4E0057B137 /* Release */ = {
			isa = XCBuildConfiguration;
			buildSettings = {
				GCC_PRECOMPILE_PREFIX_HEADER = YES;
				GCC_PREFIX_HEADER = "DemoMemoryCard/DemoMemoryCard-Prefix.pch";
				INFOPLIST_FILE = "DemoMemoryCard/DemoMemoryCard-Info.plist";
				IPHONEOS_DEPLOYMENT_TARGET = 6.0;
				PRODUCT_NAME = "$(TARGET_NAME)";
				WRAPPER_EXTENSION = app;
			};
			name = Release;
		};
		668A52BE1715AB4E0057B137 /* Debug */ = {
			isa = XCBuildConfiguration;
			buildSettings = {
				BUNDLE_LOADER = "$(BUILT_PRODUCTS_DIR)/DemoMemoryCard.app/DemoMemoryCard";
				FRAMEWORK_SEARCH_PATHS = (
					"\"$(SDKROOT)/Developer/Library/Frameworks\"",
					"\"$(DEVELOPER_LIBRARY_DIR)/Frameworks\"",
				);
				GCC_PRECOMPILE_PREFIX_HEADER = YES;
				GCC_PREFIX_HEADER = "DemoMemoryCard/DemoMemoryCard-Prefix.pch";
				INFOPLIST_FILE = "DemoMemoryCardTests/DemoMemoryCardTests-Info.plist";
				PRODUCT_NAME = "$(TARGET_NAME)";
				TEST_HOST = "$(BUNDLE_LOADER)";
				WRAPPER_EXTENSION = octest;
			};
			name = Debug;
		};
		668A52BF1715AB4E0057B137 /* Release */ = {
			isa = XCBuildConfiguration;
			buildSettings = {
				BUNDLE_LOADER = "$(BUILT_PRODUCTS_DIR)/DemoMemoryCard.app/DemoMemoryCard";
				FRAMEWORK_SEARCH_PATHS = (
					"\"$(SDKROOT)/Developer/Library/Frameworks\"",
					"\"$(DEVELOPER_LIBRARY_DIR)/Frameworks\"",
				);
				GCC_PRECOMPILE_PREFIX_HEADER = YES;
				GCC_PREFIX_HEADER = "DemoMemoryCard/DemoMemoryCard-Prefix.pch";
				INFOPLIST_FILE = "DemoMemoryCardTests/DemoMemoryCardTests-Info.plist";
				PRODUCT_NAME = "$(TARGET_NAME)";
				TEST_HOST = "$(BUNDLE_LOADER)";
				WRAPPER_EXTENSION = octest;
			};
			name = Release;
		};
/* End XCBuildConfiguration section */

/* Begin XCConfigurationList section */
		668A52831715AB4E0057B137 /* Build configuration list for PBXProject "DemoMemoryCard" */ = {
			isa = XCConfigurationList;
			buildConfigurations = (
				668A52B81715AB4E0057B137 /* Debug */,
				668A52B91715AB4E0057B137 /* Release */,
			);
			defaultConfigurationIsVisible = 0;
			defaultConfigurationName = Release;
		};
		668A52BA1715AB4E0057B137 /* Build configuration list for PBXNativeTarget "DemoMemoryCard" */ = {
			isa = XCConfigurationList;
			buildConfigurations = (
				668A52BB1715AB4E0057B137 /* Debug */,
				668A52BC1715AB4E0057B137 /* Release */,
			);
			defaultConfigurationIsVisible = 0;
			defaultConfigurationName = Release;
		};
		668A52BD1715AB4E0057B137 /* Build configuration list for PBXNativeTarget "DemoMemoryCardTests" */ = {
			isa = XCConfigurationList;
			buildConfigurations = (
				668A52BE1715AB4E0057B137 /* Debug */,
				668A52BF1715AB4E0057B137 /* Release */,
			);
			defaultConfigurationIsVisible = 0;
			defaultConfigurationName = Release;
		};
/* End XCConfigurationList section */
	};
	rootObject = 668A52801715AB4E0057B137 /* Project object */;
}
